{
  "name": "plain-html",
  "version": "1.0.0",
  "lockfileVersion": 1,
  "requires": true,
  "dependencies": {
    "@zorostang/trading-bot": {
      "version": "0.0.5",
      "resolved": "https://registry.npmjs.org/@zorostang/trading-bot/-/trading-bot-0.0.5.tgz",
      "integrity": "sha512-nacVPvvl+mT0+84lb4MD4yyfD01iPjBf6biQXewBInbcpd3nd4MaZfD5+z+VDjWJEYEPnEyPz+v1lTukPhCLQA==",
      "requires": {
        "lodash": "^4.17.15"
      }
    },
    "leaflet": {
      "version": "1.5.1",
      "resolved": "https://registry.npmjs.org/leaflet/-/leaflet-1.5.1.tgz",
      "integrity": "sha512-ekM9KAeG99tYisNBg0IzEywAlp0hYI5XRipsqRXyRTeuU8jcuntilpp+eFf5gaE0xubc9RuSNIVtByEKwqFV0w=="
    },
    "lodash": {
      "version": "4.17.15",
      "resolved": "https://registry.npmjs.org/lodash/-/lodash-4.17.15.tgz",
      "integrity": "sha512-8xOcRHvCjnocdS5cpwXQXVzmmh5e5+saE2QGoeQmbKmRS6J3VQppPOIt0MnmE+4xlZoumy0GPG0D0MVIQbNA1A=="
    }
  }
}
